
Microsoft Visual Studio Solution File, Format Version 12.00
# Visual Studio 15
VisualStudioVersion = 15.0.27130.2027
MinimumVisualStudioVersion = 10.0.40219.1
Project("{FAE04EC0-301F-11D3-BF4B-00C04F79EFBC}") = "NextGenStockMarketAPI", "NextGenStockMarketAPI\NextGenStockMarketAPI.csproj", "{92A28757-A3E6-4D98-B8A9-3C5AA0D9D0A2}"
EndProject
Project("{FAE04EC0-301F-11D3-BF4B-00C04F79EFBC}") = "NextGenStockMarketAPI.Tests", "NextGenStockMarketAPI.Tests\NextGenStockMarketAPI.Tests.csproj", "{793BC148-90F0-463A-822F-38B53709D966}"
EndProject
Global
	GlobalSection(SolutionConfigurationPlatforms) = preSolution
		Debug|Any CPU = Debug|Any CPU
		Release|Any CPU = Release|Any CPU
	EndGlobalSection
	GlobalSection(ProjectConfigurationPlatforms) = postSolution
		{92A28757-A3E6-4D98-B8A9-3C5AA0D9D0A2}.Debug|Any CPU.ActiveCfg = Debug|Any CPU
		{92A28757-A3E6-4D98-B8A9-3C5AA0D9D0A2}.Debug|Any CPU.Build.0 = Debug|Any CPU
		{92A28757-A3E6-4D98-B8A9-3C5AA0D9D0A2}.Release|Any CPU.ActiveCfg = Release|Any CPU
		{92A28757-A3E6-4D98-B8A9-3C5AA0D9D0A2}.Release|Any CPU.Build.0 = Release|Any CPU
		{793BC148-90F0-463A-822F-38B53709D966}.Debug|Any CPU.ActiveCfg = Debug|Any CPU
		{793BC148-90F0-463A-822F-38B53709D966}.Debug|Any CPU.Build.0 = Debug|Any CPU
		{793BC148-90F0-463A-822F-38B53709D966}.Release|Any CPU.ActiveCfg = Release|Any CPU
		{793BC148-90F0-463A-822F-38B53709D966}.Release|Any CPU.Build.0 = Release|Any CPU
	EndGlobalSection
	GlobalSection(SolutionProperties) = preSolution
		HideSolutionNode = FALSE
	EndGlobalSection
	GlobalSection(ExtensibilityGlobals) = postSolution
		SolutionGuid = {04F64B9B-CA5A-4663-B7D6-18DCAC1B9EC4}
	EndGlobalSection
EndGlobal
